// !$*UTF8*$!
{
	archiveVersion = 1;
	classes = {
	};
	objectVersion = 50;
	objects = {

/* Begin PBXBuildFile section */
		232246DB24D84AFD005BC5C2 /* Spinning.swift in Sources */ = {isa = PBXBuildFile; fileRef = 232246DA24D84AFD005BC5C2 /* Spinning.swift */; };
		232246DD24D9382D005BC5C2 /* PaletteChooser.swift in Sources */ = {isa = PBXBuildFile; fileRef = 232246DC24D9382D005BC5C2 /* PaletteChooser.swift */; };
		232A160224D055DB0009CC5C /* OptionalImage.swift in Sources */ = {isa = PBXBuildFile; fileRef = 232A160124D055DB0009CC5C /* OptionalImage.swift */; };
		232A160424D059E20009CC5C /* AnimatableSystemFontModifier.swift in Sources */ = {isa = PBXBuildFile; fileRef = 232A160324D059E20009CC5C /* AnimatableSystemFontModifier.swift */; };
		2359BC6724D93A930051DC93 /* EmojiArtDocumentPalette.swift in Sources */ = {isa = PBXBuildFile; fileRef = 2359BC6624D93A930051DC93 /* EmojiArtDocumentPalette.swift */; };
		23B7C4D624C9BAC500A91BF2 /* AppDelegate.swift in Sources */ = {isa = PBXBuildFile; fileRef = 23B7C4D524C9BAC500A91BF2 /* AppDelegate.swift */; };
		23B7C4D824C9BAC500A91BF2 /* SceneDelegate.swift in Sources */ = {isa = PBXBuildFile; fileRef = 23B7C4D724C9BAC500A91BF2 /* SceneDelegate.swift */; };
		23B7C4DA24C9BAC500A91BF2 /* EmojiArtDocumentView.swift in Sources */ = {isa = PBXBuildFile; fileRef = 23B7C4D924C9BAC500A91BF2 /* EmojiArtDocumentView.swift */; };
		23B7C4DC24C9BAC600A91BF2 /* Assets.xcassets in Resources */ = {isa = PBXBuildFile; fileRef = 23B7C4DB24C9BAC600A91BF2 /* Assets.xcassets */; };
		23B7C4DF24C9BAC600A91BF2 /* Preview Assets.xcassets in Resources */ = {isa = PBXBuildFile; fileRef = 23B7C4DE24C9BAC600A91BF2 /* Preview Assets.xcassets */; };
		23B7C4E224C9BAC600A91BF2 /* LaunchScreen.storyboard in Resources */ = {isa = PBXBuildFile; fileRef = 23B7C4E024C9BAC600A91BF2 /* LaunchScreen.storyboard */; };
		23B7C4EA24C9BB0700A91BF2 /* EmojiArtDocument.swift in Sources */ = {isa = PBXBuildFile; fileRef = 23B7C4E924C9BB0700A91BF2 /* EmojiArtDocument.swift */; };
		23B7C4EC24C9C15700A91BF2 /* EmojiArt.swift in Sources */ = {isa = PBXBuildFile; fileRef = 23B7C4EB24C9C15700A91BF2 /* EmojiArt.swift */; };
		23B7C4F224C9C77B00A91BF2 /* EmojiArtExtensions.swift in Sources */ = {isa = PBXBuildFile; fileRef = 23B7C4F124C9C77B00A91BF2 /* EmojiArtExtensions.swift */; };
		23BF426924D99C5F00323C58 /* Grid.swift in Sources */ = {isa = PBXBuildFile; fileRef = 23BF426724D99C5F00323C58 /* Grid.swift */; };
		23BF426A24D99C5F00323C58 /* GridLayout.swift in Sources */ = {isa = PBXBuildFile; fileRef = 23BF426824D99C5F00323C58 /* GridLayout.swift */; };
		23BF426C24DAAB5500323C58 /* EmojiArtDocumentStore.swift in Sources */ = {isa = PBXBuildFile; fileRef = 23BF426B24DAAB5500323C58 /* EmojiArtDocumentStore.swift */; };
		23BF426E24DAB19E00323C58 /* EmojiArtDocumentChooser.swift in Sources */ = {isa = PBXBuildFile; fileRef = 23BF426D24DAB19D00323C58 /* EmojiArtDocumentChooser.swift */; };
		23BF427024DACD5800323C58 /* EditableText.swift in Sources */ = {isa = PBXBuildFile; fileRef = 23BF426F24DACD5800323C58 /* EditableText.swift */; };
/* End PBXBuildFile section */

/* Begin PBXFileReference section */
		232246DA24D84AFD005BC5C2 /* Spinning.swift */ = {isa = PBXFileReference; lastKnownFileType = sourcecode.swift; path = Spinning.swift; sourceTree = "<group>"; };
		232246DC24D9382D005BC5C2 /* PaletteChooser.swift */ = {isa = PBXFileReference; lastKnownFileType = sourcecode.swift; path = PaletteChooser.swift; sourceTree = "<group>"; };
		232A160124D055DB0009CC5C /* OptionalImage.swift */ = {isa = PBXFileReference; lastKnownFileType = sourcecode.swift; path = OptionalImage.swift; sourceTree = SOURCE_ROOT; };
		232A160324D059E20009CC5C /* AnimatableSystemFontModifier.swift */ = {isa = PBXFileReference; fileEncoding = 4; lastKnownFileType = sourcecode.swift; path = AnimatableSystemFontModifier.swift; sourceTree = "<group>"; };
		2359BC6624D93A930051DC93 /* EmojiArtDocumentPalette.swift */ = {isa = PBXFileReference; fileEncoding = 4; lastKnownFileType = sourcecode.swift; path = EmojiArtDocumentPalette.swift; sourceTree = "<group>"; };
		23B7C4D224C9BAC500A91BF2 /* Emoji Art.app */ = {isa = PBXFileReference; explicitFileType = wrapper.application; includeInIndex = 0; path = "Emoji Art.app"; sourceTree = BUILT_PRODUCTS_DIR; };
		23B7C4D524C9BAC500A91BF2 /* AppDelegate.swift */ = {isa = PBXFileReference; lastKnownFileType = sourcecode.swift; path = AppDelegate.swift; sourceTree = "<group>"; };
		23B7C4D724C9BAC500A91BF2 /* SceneDelegate.swift */ = {isa = PBXFileReference; lastKnownFileType = sourcecode.swift; path = SceneDelegate.swift; sourceTree = "<group>"; };
		23B7C4D924C9BAC500A91BF2 /* EmojiArtDocumentView.swift */ = {isa = PBXFileReference; lastKnownFileType = sourcecode.swift; path = EmojiArtDocumentView.swift; sourceTree = "<group>"; };
		23B7C4DB24C9BAC600A91BF2 /* Assets.xcassets */ = {isa = PBXFileReference; lastKnownFileType = folder.assetcatalog; path = Assets.xcassets; sourceTree = "<group>"; };
		23B7C4DE24C9BAC600A91BF2 /* Preview Assets.xcassets */ = {isa = PBXFileReference; lastKnownFileType = folder.assetcatalog; path = "Preview Assets.xcassets"; sourceTree = "<group>"; };
		23B7C4E124C9BAC600A91BF2 /* Base */ = {isa = PBXFileReference; lastKnownFileType = file.storyboard; name = Base; path = Base.lproj/LaunchScreen.storyboard; sourceTree = "<group>"; };
		23B7C4E324C9BAC600A91BF2 /* Info.plist */ = {isa = PBXFileReference; lastKnownFileType = text.plist.xml; path = Info.plist; sourceTree = "<group>"; };
		23B7C4E924C9BB0700A91BF2 /* EmojiArtDocument.swift */ = {isa = PBXFileReference; lastKnownFileType = sourcecode.swift; path = EmojiArtDocument.swift; sourceTree = "<group>"; };
		23B7C4EB24C9C15700A91BF2 /* EmojiArt.swift */ = {isa = PBXFileReference; lastKnownFileType = sourcecode.swift; path = EmojiArt.swift; sourceTree = "<group>"; };
		23B7C4F124C9C77B00A91BF2 /* EmojiArtExtensions.swift */ = {isa = PBXFileReference; fileEncoding = 4; lastKnownFileType = sourcecode.swift; path = EmojiArtExtensions.swift; sourceTree = "<group>"; };
		23BF426724D99C5F00323C58 /* Grid.swift */ = {isa = PBXFileReference; fileEncoding = 4; lastKnownFileType = sourcecode.swift; name = Grid.swift; path = ../../Memorize/Memorize/Grid.swift; sourceTree = "<group>"; };
		23BF426824D99C5F00323C58 /* GridLayout.swift */ = {isa = PBXFileReference; fileEncoding = 4; lastKnownFileType = sourcecode.swift; name = GridLayout.swift; path = ../../Memorize/Memorize/GridLayout.swift; sourceTree = "<group>"; };
		23BF426B24DAAB5500323C58 /* EmojiArtDocumentStore.swift */ = {isa = PBXFileReference; fileEncoding = 4; lastKnownFileType = sourcecode.swift; path = EmojiArtDocumentStore.swift; sourceTree = "<group>"; };
		23BF426D24DAB19D00323C58 /* EmojiArtDocumentChooser.swift */ = {isa = PBXFileReference; lastKnownFileType = sourcecode.swift; path = EmojiArtDocumentChooser.swift; sourceTree = "<group>"; };
		23BF426F24DACD5800323C58 /* EditableText.swift */ = {isa = PBXFileReference; fileEncoding = 4; lastKnownFileType = sourcecode.swift; path = EditableText.swift; sourceTree = "<group>"; };
/* End PBXFileReference section */

/* Begin PBXFrameworksBuildPhase section */
		23B7C4CF24C9BAC500A91BF2 /* Frameworks */ = {
			isa = PBXFrameworksBuildPhase;
			buildActionMask = 2147483647;
			files = (
			);
			runOnlyForDeploymentPostprocessing = 0;
		};
/* End PBXFrameworksBuildPhase section */

/* Begin PBXGroup section */
		23B7C4C924C9BAC500A91BF2 = {
			isa = PBXGroup;
			children = (
				23B7C4D424C9BAC500A91BF2 /* EmojiArt */,
				23B7C4D324C9BAC500A91BF2 /* Products */,
			);
			sourceTree = "<group>";
		};
		23B7C4D324C9BAC500A91BF2 /* Products */ = {
			isa = PBXGroup;
			children = (
				23B7C4D224C9BAC500A91BF2 /* Emoji Art.app */,
			);
			name = Products;
			sourceTree = "<group>";
		};
		23B7C4D424C9BAC500A91BF2 /* EmojiArt */ = {
			isa = PBXGroup;
			children = (
				232246DC24D9382D005BC5C2 /* PaletteChooser.swift */,
				23BF426F24DACD5800323C58 /* EditableText.swift */,
				23B7C4E924C9BB0700A91BF2 /* EmojiArtDocument.swift */,
				23B7C4D924C9BAC500A91BF2 /* EmojiArtDocumentView.swift */,
				23BF426D24DAB19D00323C58 /* EmojiArtDocumentChooser.swift */,
				2359BC6624D93A930051DC93 /* EmojiArtDocumentPalette.swift */,
				23BF426B24DAAB5500323C58 /* EmojiArtDocumentStore.swift */,
				232246DA24D84AFD005BC5C2 /* Spinning.swift */,
				23B7C4EB24C9C15700A91BF2 /* EmojiArt.swift */,
				232A160124D055DB0009CC5C /* OptionalImage.swift */,
				232A160324D059E20009CC5C /* AnimatableSystemFontModifier.swift */,
				23BF426724D99C5F00323C58 /* Grid.swift */,
				23BF426824D99C5F00323C58 /* GridLayout.swift */,
				23B7C4D524C9BAC500A91BF2 /* AppDelegate.swift */,
				23B7C4D724C9BAC500A91BF2 /* SceneDelegate.swift */,
				23B7C4F124C9C77B00A91BF2 /* EmojiArtExtensions.swift */,
				23B7C4DB24C9BAC600A91BF2 /* Assets.xcassets */,
				23B7C4E024C9BAC600A91BF2 /* LaunchScreen.storyboard */,
				23B7C4E324C9BAC600A91BF2 /* Info.plist */,
				23B7C4DD24C9BAC600A91BF2 /* Preview Content */,
			);
			path = EmojiArt;
			sourceTree = "<group>";
		};
		23B7C4DD24C9BAC600A91BF2 /* Preview Content */ = {
			isa = PBXGroup;
			children = (
				23B7C4DE24C9BAC600A91BF2 /* Preview Assets.xcassets */,
			);
			path = "Preview Content";
			sourceTree = "<group>";
		};
/* End PBXGroup section */

/* Begin PBXNativeTarget section */
		23B7C4D124C9BAC500A91BF2 /* EmojiArt */ = {
			isa = PBXNativeTarget;
			buildConfigurationList = 23B7C4E624C9BAC600A91BF2 /* Build configuration list for PBXNativeTarget "EmojiArt" */;
			buildPhases = (
				23B7C4CE24C9BAC500A91BF2 /* Sources */,
				23B7C4CF24C9BAC500A91BF2 /* Frameworks */,
				23B7C4D024C9BAC500A91BF2 /* Resources */,
			);
			buildRules = (
			);
			dependencies = (
			);
			name = EmojiArt;
			productName = EmojiArt;
			productReference = 23B7C4D224C9BAC500A91BF2 /* Emoji Art.app */;
			productType = "com.apple.product-type.application";
		};
/* End PBXNativeTarget section */

/* Begin PBXProject section */
		23B7C4CA24C9BAC500A91BF2 /* Project object */ = {
			isa = PBXProject;
			attributes = {
				LastSwiftUpdateCheck = 1120;
				LastUpgradeCheck = 1120;
				ORGANIZATIONNAME = "Florian Treinat";
				TargetAttributes = {
					23B7C4D124C9BAC500A91BF2 = {
						CreatedOnToolsVersion = 11.2.1;
					};
				};
			};
			buildConfigurationList = 23B7C4CD24C9BAC500A91BF2 /* Build configuration list for PBXProject "EmojiArt" */;
			compatibilityVersion = "Xcode 9.3";
			developmentRegion = en;
			hasScannedForEncodings = 0;
			knownRegions = (
				en,
				Base,
			);
			mainGroup = 23B7C4C924C9BAC500A91BF2;
			productRefGroup = 23B7C4D324C9BAC500A91BF2 /* Products */;
			projectDirPath = "";
			projectRoot = "";
			targets = (
				23B7C4D124C9BAC500A91BF2 /* EmojiArt */,
			);
		};
/* End PBXProject section */

/* Begin PBXResourcesBuildPhase section */
		23B7C4D024C9BAC500A91BF2 /* Resources */ = {
			isa = PBXResourcesBuildPhase;
			buildActionMask = 2147483647;
			files = (
				23B7C4E224C9BAC600A91BF2 /* LaunchScreen.storyboard in Resources */,
				23B7C4DF24C9BAC600A91BF2 /* Preview Assets.xcassets in Resources */,
				23B7C4DC24C9BAC600A91BF2 /* Assets.xcassets in Resources */,
			);
			runOnlyForDeploymentPostprocessing = 0;
		};
/* End PBXResourcesBuildPhase section */

/* Begin PBXSourcesBuildPhase section */
		23B7C4CE24C9BAC500A91BF2 /* Sources */ = {
			isa = PBXSourcesBuildPhase;
			buildActionMask = 2147483647;
			files = (
				2359BC6724D93A930051DC93 /* EmojiArtDocumentPalette.swift in Sources */,
				23B7C4D624C9BAC500A91BF2 /* AppDelegate.swift in Sources */,
				23B7C4D824C9BAC500A91BF2 /* SceneDelegate.swift in Sources */,
				23B7C4F224C9C77B00A91BF2 /* EmojiArtExtensions.swift in Sources */,
				23B7C4EC24C9C15700A91BF2 /* EmojiArt.swift in Sources */,
				23B7C4DA24C9BAC500A91BF2 /* EmojiArtDocumentView.swift in Sources */,
				23BF426A24D99C5F00323C58 /* GridLayout.swift in Sources */,
				232A160224D055DB0009CC5C /* OptionalImage.swift in Sources */,
				232246DB24D84AFD005BC5C2 /* Spinning.swift in Sources */,
				23BF426C24DAAB5500323C58 /* EmojiArtDocumentStore.swift in Sources */,
				232A160424D059E20009CC5C /* AnimatableSystemFontModifier.swift in Sources */,
				23BF426E24DAB19E00323C58 /* EmojiArtDocumentChooser.swift in Sources */,
				23BF427024DACD5800323C58 /* EditableText.swift in Sources */,
				23B7C4EA24C9BB0700A91BF2 /* EmojiArtDocument.swift in Sources */,
				232246DD24D9382D005BC5C2 /* PaletteChooser.swift in Sources */,
				23BF426924D99C5F00323C58 /* Grid.swift in Sources */,
			);
			runOnlyForDeploymentPostprocessing = 0;
		};
/* End PBXSourcesBuildPhase section */

/* Begin PBXVariantGroup section */
		23B7C4E024C9BAC600A91BF2 /* LaunchScreen.storyboard */ = {
			isa = PBXVariantGroup;
			children = (
				23B7C4E124C9BAC600A91BF2 /* Base */,
			);
			name = LaunchScreen.storyboard;
			sourceTree = "<group>";
		};
/* End PBXVariantGroup section */

/* Begin XCBuildConfiguration section */
		23B7C4E424C9BAC600A91BF2 /* Debug */ = {
			isa = XCBuildConfiguration;
			buildSettings = {
				ALWAYS_SEARCH_USER_PATHS = NO;
				CLANG_ANALYZER_NONNULL = YES;
				CLANG_ANALYZER_NUMBER_OBJECT_CONVERSION = YES_AGGRESSIVE;
				CLANG_CXX_LANGUAGE_STANDARD = "gnu++14";
				CLANG_CXX_LIBRARY = "libc++";
				CLANG_ENABLE_MODULES = YES;
				CLANG_ENABLE_OBJC_ARC = YES;
				CLANG_ENABLE_OBJC_WEAK = YES;
				CLANG_WARN_BLOCK_CAPTURE_AUTORELEASING = YES;
				CLANG_WARN_BOOL_CONVERSION = YES;
				CLANG_WARN_COMMA = YES;
				CLANG_WARN_CONSTANT_CONVERSION = YES;
				CLANG_WARN_DEPRECATED_OBJC_IMPLEMENTATIONS = YES;
				CLANG_WARN_DIRECT_OBJC_ISA_USAGE = YES_ERROR;
				CLANG_WARN_DOCUMENTATION_COMMENTS = YES;
				CLANG_WARN_EMPTY_BODY = YES;
				CLANG_WARN_ENUM_CONVERSION = YES;
				CLANG_WARN_INFINITE_RECURSION = YES;
				CLANG_WARN_INT_CONVERSION = YES;
				CLANG_WARN_NON_LITERAL_NULL_CONVERSION = YES;
				CLANG_WARN_OBJC_IMPLICIT_RETAIN_SELF = YES;
				CLANG_WARN_OBJC_LITERAL_CONVERSION = YES;
				CLANG_WARN_OBJC_ROOT_CLASS = YES_ERROR;
				CLANG_WARN_RANGE_LOOP_ANALYSIS = YES;
				CLANG_WARN_STRICT_PROTOTYPES = YES;
				CLANG_WARN_SUSPICIOUS_MOVE = YES;
				CLANG_WARN_UNGUARDED_AVAILABILITY = YES_AGGRESSIVE;
				CLANG_WARN_UNREACHABLE_CODE = YES;
				CLANG_WARN__DUPLICATE_METHOD_MATCH = YES;
				COPY_PHASE_STRIP = NO;
				DEBUG_INFORMATION_FORMAT = dwarf;
				ENABLE_STRICT_OBJC_MSGSEND = YES;
				ENABLE_TESTABILITY = YES;
				GCC_C_LANGUAGE_STANDARD = gnu11;
				GCC_DYNAMIC_NO_PIC = NO;
				GCC_NO_COMMON_BLOCKS = YES;
				GCC_OPTIMIZATION_LEVEL = 0;
				GCC_PREPROCESSOR_DEFINITIONS = (
					"DEBUG=1",
					"$(inherited)",
				);
				GCC_WARN_64_TO_32_BIT_CONVERSION = YES;
				GCC_WARN_ABOUT_RETURN_TYPE = YES_ERROR;
				GCC_WARN_UNDECLARED_SELECTOR = YES;
				GCC_WARN_UNINITIALIZED_AUTOS = YES_AGGRESSIVE;
				GCC_WARN_UNUSED_FUNCTION = YES;
				GCC_WARN_UNUSED_VARIABLE = YES;
				IPHONEOS_DEPLOYMENT_TARGET = 13.2;
				MTL_ENABLE_DEBUG_INFO = INCLUDE_SOURCE;
				MTL_FAST_MATH = YES;
				ONLY_ACTIVE_ARCH = YES;
				SDKROOT = iphoneos;
				SWIFT_ACTIVE_COMPILATION_CONDITIONS = DEBUG;
				SWIFT_OPTIMIZATION_LEVEL = "-Onone";
			};
			name = Debug;
		};
		23B7C4E524C9BAC600A91BF2 /* Release */ = {
			isa = XCBuildConfiguration;
			buildSettings = {
				ALWAYS_SEARCH_USER_PATHS = NO;
				CLANG_ANALYZER_NONNULL = YES;
				CLANG_ANALYZER_NUMBER_OBJECT_CONVERSION = YES_AGGRESSIVE;
				CLANG_CXX_LANGUAGE_STANDARD = "gnu++14";
				CLANG_CXX_LIBRARY = "libc++";
				CLANG_ENABLE_MODULES = YES;
				CLANG_ENABLE_OBJC_ARC = YES;
				CLANG_ENABLE_OBJC_WEAK = YES;
				CLANG_WARN_BLOCK_CAPTURE_AUTORELEASING = YES;
				CLANG_WARN_BOOL_CONVERSION = YES;
				CLANG_WARN_COMMA = YES;
				CLANG_WARN_CONSTANT_CONVERSION = YES;
				CLANG_WARN_DEPRECATED_OBJC_IMPLEMENTATIONS = YES;
				CLANG_WARN_DIRECT_OBJC_ISA_USAGE = YES_ERROR;
				CLANG_WARN_DOCUMENTATION_COMMENTS = YES;
				CLANG_WARN_EMPTY_BODY = YES;
				CLANG_WARN_ENUM_CONVERSION = YES;
				CLANG_WARN_INFINITE_RECURSION = YES;
				CLANG_WARN_INT_CONVERSION = YES;
				CLANG_WARN_NON_LITERAL_NULL_CONVERSION = YES;
				CLANG_WARN_OBJC_IMPLICIT_RETAIN_SELF = YES;
				CLANG_WARN_OBJC_LITERAL_CONVERSION = YES;
				CLANG_WARN_OBJC_ROOT_CLASS = YES_ERROR;
				CLANG_WARN_RANGE_LOOP_ANALYSIS = YES;
				CLANG_WARN_STRICT_PROTOTYPES = YES;
				CLANG_WARN_SUSPICIOUS_MOVE = YES;
				CLANG_WARN_UNGUARDED_AVAILABILITY = YES_AGGRESSIVE;
				CLANG_WARN_UNREACHABLE_CODE = YES;
				CLANG_WARN__DUPLICATE_METHOD_MATCH = YES;
				COPY_PHASE_STRIP = NO;
				DEBUG_INFORMATION_FORMAT = "dwarf-with-dsym";
				ENABLE_NS_ASSERTIONS = NO;
				ENABLE_STRICT_OBJC_MSGSEND = YES;
				GCC_C_LANGUAGE_STANDARD = gnu11;
				GCC_NO_COMMON_BLOCKS = YES;
				GCC_WARN_64_TO_32_BIT_CONVERSION = YES;
				GCC_WARN_ABOUT_RETURN_TYPE = YES_ERROR;
				GCC_WARN_UNDECLARED_SELECTOR = YES;
				GCC_WARN_UNINITIALIZED_AUTOS = YES_AGGRESSIVE;
				GCC_WARN_UNUSED_FUNCTION = YES;
				GCC_WARN_UNUSED_VARIABLE = YES;
				IPHONEOS_DEPLOYMENT_TARGET = 13.2;
				MTL_ENABLE_DEBUG_INFO = NO;
				MTL_FAST_MATH = YES;
				SDKROOT = iphoneos;
				SWIFT_COMPILATION_MODE = wholemodule;
				SWIFT_OPTIMIZATION_LEVEL = "-O";
				VALIDATE_PRODUCT = YES;
			};
			name = Release;
		};
		23B7C4E724C9BAC600A91BF2 /* Debug */ = {
			isa = XCBuildConfiguration;
			buildSettings = {
				ASSETCATALOG_COMPILER_APPICON_NAME = AppIcon;
				CODE_SIGN_STYLE = Automatic;
				DEVELOPMENT_ASSET_PATHS = "\"EmojiArt/Preview Content\"";
				ENABLE_PREVIEWS = YES;
				INFOPLIST_FILE = EmojiArt/Info.plist;
				IPHONEOS_DEPLOYMENT_TARGET = 13.5;
				LD_RUNPATH_SEARCH_PATHS = (
					"$(inherited)",
					"@executable_path/Frameworks",
				);
				PRODUCT_BUNDLE_IDENTIFIER = de.treinat.learning.cs193.EmojiArt;
				PRODUCT_NAME = "Emoji Art";
				SWIFT_VERSION = 5.0;
				TARGETED_DEVICE_FAMILY = "1,2";
			};
			name = Debug;
		};
		23B7C4E824C9BAC600A91BF2 /* Release */ = {
			isa = XCBuildConfiguration;
			buildSettings = {
				ASSETCATALOG_COMPILER_APPICON_NAME = AppIcon;
				CODE_SIGN_STYLE = Automatic;
				DEVELOPMENT_ASSET_PATHS = "\"EmojiArt/Preview Content\"";
				ENABLE_PREVIEWS = YES;
				INFOPLIST_FILE = EmojiArt/Info.plist;
				IPHONEOS_DEPLOYMENT_TARGET = 13.5;
				LD_RUNPATH_SEARCH_PATHS = (
					"$(inherited)",
					"@executable_path/Frameworks",
				);
				PRODUCT_BUNDLE_IDENTIFIER = de.treinat.learning.cs193.EmojiArt;
				PRODUCT_NAME = "Emoji Art";
				SWIFT_VERSION = 5.0;
				TARGETED_DEVICE_FAMILY = "1,2";
			};
			name = Release;
		};
/* End XCBuildConfiguration section */

/* Begin XCConfigurationList section */
		23B7C4CD24C9BAC500A91BF2 /* Build configuration list for PBXProject "EmojiArt" */ = {
			isa = XCConfigurationList;
			buildConfigurations = (
				23B7C4E424C9BAC600A91BF2 /* Debug */,
				23B7C4E524C9BAC600A91BF2 /* Release */,
			);
			defaultConfigurationIsVisible = 0;
			defaultConfigurationName = Release;
		};
		23B7C4E624C9BAC600A91BF2 /* Build configuration list for PBXNativeTarget "EmojiArt" */ = {
			isa = XCConfigurationList;
			buildConfigurations = (
				23B7C4E724C9BAC600A91BF2 /* Debug */,
				23B7C4E824C9BAC600A91BF2 /* Release */,
			);
			defaultConfigurationIsVisible = 0;
			defaultConfigurationName = Release;
		};
/* End XCConfigurationList section */
	};
	rootObject = 23B7C4CA24C9BAC500A91BF2 /* Project object */;
}
