// !$*UTF8*$!
{
	archiveVersion = 1;
	classes = {
	};
	objectVersion = 50;
	objects = {

/* Begin PBXBuildFile section */
		231AF478248E5091003D9F74 /* AppDelegate.swift in Sources */ = {isa = PBXBuildFile; fileRef = 231AF477248E5091003D9F74 /* AppDelegate.swift */; };
		231AF47A248E5091003D9F74 /* SceneDelegate.swift in Sources */ = {isa = PBXBuildFile; fileRef = 231AF479248E5091003D9F74 /* SceneDelegate.swift */; };
		231AF47C248E5091003D9F74 /* EmojiMemoryGameView.swift in Sources */ = {isa = PBXBuildFile; fileRef = 231AF47B248E5091003D9F74 /* EmojiMemoryGameView.swift */; };
		231AF47E248E5091003D9F74 /* Assets.xcassets in Resources */ = {isa = PBXBuildFile; fileRef = 231AF47D248E5091003D9F74 /* Assets.xcassets */; };
		231AF481248E5091003D9F74 /* Preview Assets.xcassets in Resources */ = {isa = PBXBuildFile; fileRef = 231AF480248E5091003D9F74 /* Preview Assets.xcassets */; };
		231AF484248E5091003D9F74 /* LaunchScreen.storyboard in Resources */ = {isa = PBXBuildFile; fileRef = 231AF482248E5091003D9F74 /* LaunchScreen.storyboard */; };
		231AF48C248FB5D1003D9F74 /* MemoryGame.swift in Sources */ = {isa = PBXBuildFile; fileRef = 231AF48B248FB5D1003D9F74 /* MemoryGame.swift */; };
		231AF48E248FB82E003D9F74 /* EmojiMemoryGame.swift in Sources */ = {isa = PBXBuildFile; fileRef = 231AF48D248FB82E003D9F74 /* EmojiMemoryGame.swift */; };
		2342DC202493978E00624A99 /* Grid.swift in Sources */ = {isa = PBXBuildFile; fileRef = 2342DC1F2493978E00624A99 /* Grid.swift */; };
		2342DC2224939F1800624A99 /* GridLayout.swift in Sources */ = {isa = PBXBuildFile; fileRef = 2342DC2124939F1800624A99 /* GridLayout.swift */; };
		2342DC242493A59900624A99 /* Array+Identifable.swift in Sources */ = {isa = PBXBuildFile; fileRef = 2342DC232493A59900624A99 /* Array+Identifable.swift */; };
		2342DC262494F54000624A99 /* Array+Only.swift in Sources */ = {isa = PBXBuildFile; fileRef = 2342DC252494F54000624A99 /* Array+Only.swift */; };
/* End PBXBuildFile section */

/* Begin PBXFileReference section */
		231AF474248E5091003D9F74 /* Memorize.app */ = {isa = PBXFileReference; explicitFileType = wrapper.application; includeInIndex = 0; path = Memorize.app; sourceTree = BUILT_PRODUCTS_DIR; };
		231AF477248E5091003D9F74 /* AppDelegate.swift */ = {isa = PBXFileReference; lastKnownFileType = sourcecode.swift; path = AppDelegate.swift; sourceTree = "<group>"; };
		231AF479248E5091003D9F74 /* SceneDelegate.swift */ = {isa = PBXFileReference; lastKnownFileType = sourcecode.swift; path = SceneDelegate.swift; sourceTree = "<group>"; };
		231AF47B248E5091003D9F74 /* EmojiMemoryGameView.swift */ = {isa = PBXFileReference; lastKnownFileType = sourcecode.swift; path = EmojiMemoryGameView.swift; sourceTree = "<group>"; };
		231AF47D248E5091003D9F74 /* Assets.xcassets */ = {isa = PBXFileReference; lastKnownFileType = folder.assetcatalog; path = Assets.xcassets; sourceTree = "<group>"; };
		231AF480248E5091003D9F74 /* Preview Assets.xcassets */ = {isa = PBXFileReference; lastKnownFileType = folder.assetcatalog; path = "Preview Assets.xcassets"; sourceTree = "<group>"; };
		231AF483248E5091003D9F74 /* Base */ = {isa = PBXFileReference; lastKnownFileType = file.storyboard; name = Base; path = Base.lproj/LaunchScreen.storyboard; sourceTree = "<group>"; };
		231AF485248E5091003D9F74 /* Info.plist */ = {isa = PBXFileReference; lastKnownFileType = text.plist.xml; path = Info.plist; sourceTree = "<group>"; };
		231AF48B248FB5D1003D9F74 /* MemoryGame.swift */ = {isa = PBXFileReference; lastKnownFileType = sourcecode.swift; path = MemoryGame.swift; sourceTree = "<group>"; };
		231AF48D248FB82E003D9F74 /* EmojiMemoryGame.swift */ = {isa = PBXFileReference; lastKnownFileType = sourcecode.swift; path = EmojiMemoryGame.swift; sourceTree = "<group>"; };
		2342DC1F2493978E00624A99 /* Grid.swift */ = {isa = PBXFileReference; lastKnownFileType = sourcecode.swift; path = Grid.swift; sourceTree = "<group>"; };
		2342DC2124939F1800624A99 /* GridLayout.swift */ = {isa = PBXFileReference; fileEncoding = 4; lastKnownFileType = sourcecode.swift; path = GridLayout.swift; sourceTree = "<group>"; };
		2342DC232493A59900624A99 /* Array+Identifable.swift */ = {isa = PBXFileReference; lastKnownFileType = sourcecode.swift; path = "Array+Identifable.swift"; sourceTree = "<group>"; };
		2342DC252494F54000624A99 /* Array+Only.swift */ = {isa = PBXFileReference; lastKnownFileType = sourcecode.swift; path = "Array+Only.swift"; sourceTree = "<group>"; };
/* End PBXFileReference section */

/* Begin PBXFrameworksBuildPhase section */
		231AF471248E5091003D9F74 /* Frameworks */ = {
			isa = PBXFrameworksBuildPhase;
			buildActionMask = 2147483647;
			files = (
			);
			runOnlyForDeploymentPostprocessing = 0;
		};
/* End PBXFrameworksBuildPhase section */

/* Begin PBXGroup section */
		231AF46B248E5091003D9F74 = {
			isa = PBXGroup;
			children = (
				231AF476248E5091003D9F74 /* Memorize */,
				231AF475248E5091003D9F74 /* Products */,
			);
			sourceTree = "<group>";
		};
		231AF475248E5091003D9F74 /* Products */ = {
			isa = PBXGroup;
			children = (
				231AF474248E5091003D9F74 /* Memorize.app */,
			);
			name = Products;
			sourceTree = "<group>";
		};
		231AF476248E5091003D9F74 /* Memorize */ = {
			isa = PBXGroup;
			children = (
				231AF48B248FB5D1003D9F74 /* MemoryGame.swift */,
				2342DC252494F54000624A99 /* Array+Only.swift */,
				2342DC2124939F1800624A99 /* GridLayout.swift */,
				231AF48D248FB82E003D9F74 /* EmojiMemoryGame.swift */,
				2342DC1F2493978E00624A99 /* Grid.swift */,
				2342DC232493A59900624A99 /* Array+Identifable.swift */,
				231AF477248E5091003D9F74 /* AppDelegate.swift */,
				231AF479248E5091003D9F74 /* SceneDelegate.swift */,
				231AF47B248E5091003D9F74 /* EmojiMemoryGameView.swift */,
				231AF47D248E5091003D9F74 /* Assets.xcassets */,
				231AF482248E5091003D9F74 /* LaunchScreen.storyboard */,
				231AF485248E5091003D9F74 /* Info.plist */,
				231AF47F248E5091003D9F74 /* Preview Content */,
			);
			path = Memorize;
			sourceTree = "<group>";
		};
		231AF47F248E5091003D9F74 /* Preview Content */ = {
			isa = PBXGroup;
			children = (
				231AF480248E5091003D9F74 /* Preview Assets.xcassets */,
			);
			path = "Preview Content";
			sourceTree = "<group>";
		};
/* End PBXGroup section */

/* Begin PBXNativeTarget section */
		231AF473248E5091003D9F74 /* Memorize */ = {
			isa = PBXNativeTarget;
			buildConfigurationList = 231AF488248E5091003D9F74 /* Build configuration list for PBXNativeTarget "Memorize" */;
			buildPhases = (
				231AF470248E5091003D9F74 /* Sources */,
				231AF471248E5091003D9F74 /* Frameworks */,
				231AF472248E5091003D9F74 /* Resources */,
			);
			buildRules = (
			);
			dependencies = (
			);
			name = Memorize;
			productName = Memorize;
			productReference = 231AF474248E5091003D9F74 /* Memorize.app */;
			productType = "com.apple.product-type.application";
		};
/* End PBXNativeTarget section */

/* Begin PBXProject section */
		231AF46C248E5091003D9F74 /* Project object */ = {
			isa = PBXProject;
			attributes = {
				LastSwiftUpdateCheck = 1120;
				LastUpgradeCheck = 1120;
				ORGANIZATIONNAME = "Florian Treinat";
				TargetAttributes = {
					231AF473248E5091003D9F74 = {
						CreatedOnToolsVersion = 11.2.1;
					};
				};
			};
			buildConfigurationList = 231AF46F248E5091003D9F74 /* Build configuration list for PBXProject "Memorize" */;
			compatibilityVersion = "Xcode 9.3";
			developmentRegion = en;
			hasScannedForEncodings = 0;
			knownRegions = (
				en,
				Base,
			);
			mainGroup = 231AF46B248E5091003D9F74;
			productRefGroup = 231AF475248E5091003D9F74 /* Products */;
			projectDirPath = "";
			projectRoot = "";
			targets = (
				231AF473248E5091003D9F74 /* Memorize */,
			);
		};
/* End PBXProject section */

/* Begin PBXResourcesBuildPhase section */
		231AF472248E5091003D9F74 /* Resources */ = {
			isa = PBXResourcesBuildPhase;
			buildActionMask = 2147483647;
			files = (
				231AF484248E5091003D9F74 /* LaunchScreen.storyboard in Resources */,
				231AF481248E5091003D9F74 /* Preview Assets.xcassets in Resources */,
				231AF47E248E5091003D9F74 /* Assets.xcassets in Resources */,
			);
			runOnlyForDeploymentPostprocessing = 0;
		};
/* End PBXResourcesBuildPhase section */

/* Begin PBXSourcesBuildPhase section */
		231AF470248E5091003D9F74 /* Sources */ = {
			isa = PBXSourcesBuildPhase;
			buildActionMask = 2147483647;
			files = (
				231AF478248E5091003D9F74 /* AppDelegate.swift in Sources */,
				231AF47A248E5091003D9F74 /* SceneDelegate.swift in Sources */,
				231AF48C248FB5D1003D9F74 /* MemoryGame.swift in Sources */,
				2342DC262494F54000624A99 /* Array+Only.swift in Sources */,
				2342DC242493A59900624A99 /* Array+Identifable.swift in Sources */,
				231AF47C248E5091003D9F74 /* EmojiMemoryGameView.swift in Sources */,
				231AF48E248FB82E003D9F74 /* EmojiMemoryGame.swift in Sources */,
				2342DC2224939F1800624A99 /* GridLayout.swift in Sources */,
				2342DC202493978E00624A99 /* Grid.swift in Sources */,
			);
			runOnlyForDeploymentPostprocessing = 0;
		};
/* End PBXSourcesBuildPhase section */

/* Begin PBXVariantGroup section */
		231AF482248E5091003D9F74 /* LaunchScreen.storyboard */ = {
			isa = PBXVariantGroup;
			children = (
				231AF483248E5091003D9F74 /* Base */,
			);
			name = LaunchScreen.storyboard;
			sourceTree = "<group>";
		};
/* End PBXVariantGroup section */

/* Begin XCBuildConfiguration section */
		231AF486248E5091003D9F74 /* Debug */ = {
			isa = XCBuildConfiguration;
			buildSettings = {
				ALWAYS_SEARCH_USER_PATHS = NO;
				CLANG_ANALYZER_NONNULL = YES;
				CLANG_ANALYZER_NUMBER_OBJECT_CONVERSION = YES_AGGRESSIVE;
				CLANG_CXX_LANGUAGE_STANDARD = "gnu++14";
				CLANG_CXX_LIBRARY = "libc++";
				CLANG_ENABLE_MODULES = YES;
				CLANG_ENABLE_OBJC_ARC = YES;
				CLANG_ENABLE_OBJC_WEAK = YES;
				CLANG_WARN_BLOCK_CAPTURE_AUTORELEASING = YES;
				CLANG_WARN_BOOL_CONVERSION = YES;
				CLANG_WARN_COMMA = YES;
				CLANG_WARN_CONSTANT_CONVERSION = YES;
				CLANG_WARN_DEPRECATED_OBJC_IMPLEMENTATIONS = YES;
				CLANG_WARN_DIRECT_OBJC_ISA_USAGE = YES_ERROR;
				CLANG_WARN_DOCUMENTATION_COMMENTS = YES;
				CLANG_WARN_EMPTY_BODY = YES;
				CLANG_WARN_ENUM_CONVERSION = YES;
				CLANG_WARN_INFINITE_RECURSION = YES;
				CLANG_WARN_INT_CONVERSION = YES;
				CLANG_WARN_NON_LITERAL_NULL_CONVERSION = YES;
				CLANG_WARN_OBJC_IMPLICIT_RETAIN_SELF = YES;
				CLANG_WARN_OBJC_LITERAL_CONVERSION = YES;
				CLANG_WARN_OBJC_ROOT_CLASS = YES_ERROR;
				CLANG_WARN_RANGE_LOOP_ANALYSIS = YES;
				CLANG_WARN_STRICT_PROTOTYPES = YES;
				CLANG_WARN_SUSPICIOUS_MOVE = YES;
				CLANG_WARN_UNGUARDED_AVAILABILITY = YES_AGGRESSIVE;
				CLANG_WARN_UNREACHABLE_CODE = YES;
				CLANG_WARN__DUPLICATE_METHOD_MATCH = YES;
				COPY_PHASE_STRIP = NO;
				DEBUG_INFORMATION_FORMAT = dwarf;
				ENABLE_STRICT_OBJC_MSGSEND = YES;
				ENABLE_TESTABILITY = YES;
				GCC_C_LANGUAGE_STANDARD = gnu11;
				GCC_DYNAMIC_NO_PIC = NO;
				GCC_NO_COMMON_BLOCKS = YES;
				GCC_OPTIMIZATION_LEVEL = 0;
				GCC_PREPROCESSOR_DEFINITIONS = (
					"DEBUG=1",
					"$(inherited)",
				);
				GCC_WARN_64_TO_32_BIT_CONVERSION = YES;
				GCC_WARN_ABOUT_RETURN_TYPE = YES_ERROR;
				GCC_WARN_UNDECLARED_SELECTOR = YES;
				GCC_WARN_UNINITIALIZED_AUTOS = YES_AGGRESSIVE;
				GCC_WARN_UNUSED_FUNCTION = YES;
				GCC_WARN_UNUSED_VARIABLE = YES;
				IPHONEOS_DEPLOYMENT_TARGET = 13.2;
				MTL_ENABLE_DEBUG_INFO = INCLUDE_SOURCE;
				MTL_FAST_MATH = YES;
				ONLY_ACTIVE_ARCH = YES;
				SDKROOT = iphoneos;
				SWIFT_ACTIVE_COMPILATION_CONDITIONS = DEBUG;
				SWIFT_OPTIMIZATION_LEVEL = "-Onone";
			};
			name = Debug;
		};
		231AF487248E5091003D9F74 /* Release */ = {
			isa = XCBuildConfiguration;
			buildSettings = {
				ALWAYS_SEARCH_USER_PATHS = NO;
				CLANG_ANALYZER_NONNULL = YES;
				CLANG_ANALYZER_NUMBER_OBJECT_CONVERSION = YES_AGGRESSIVE;
				CLANG_CXX_LANGUAGE_STANDARD = "gnu++14";
				CLANG_CXX_LIBRARY = "libc++";
				CLANG_ENABLE_MODULES = YES;
				CLANG_ENABLE_OBJC_ARC = YES;
				CLANG_ENABLE_OBJC_WEAK = YES;
				CLANG_WARN_BLOCK_CAPTURE_AUTORELEASING = YES;
				CLANG_WARN_BOOL_CONVERSION = YES;
				CLANG_WARN_COMMA = YES;
				CLANG_WARN_CONSTANT_CONVERSION = YES;
				CLANG_WARN_DEPRECATED_OBJC_IMPLEMENTATIONS = YES;
				CLANG_WARN_DIRECT_OBJC_ISA_USAGE = YES_ERROR;
				CLANG_WARN_DOCUMENTATION_COMMENTS = YES;
				CLANG_WARN_EMPTY_BODY = YES;
				CLANG_WARN_ENUM_CONVERSION = YES;
				CLANG_WARN_INFINITE_RECURSION = YES;
				CLANG_WARN_INT_CONVERSION = YES;
				CLANG_WARN_NON_LITERAL_NULL_CONVERSION = YES;
				CLANG_WARN_OBJC_IMPLICIT_RETAIN_SELF = YES;
				CLANG_WARN_OBJC_LITERAL_CONVERSION = YES;
				CLANG_WARN_OBJC_ROOT_CLASS = YES_ERROR;
				CLANG_WARN_RANGE_LOOP_ANALYSIS = YES;
				CLANG_WARN_STRICT_PROTOTYPES = YES;
				CLANG_WARN_SUSPICIOUS_MOVE = YES;
				CLANG_WARN_UNGUARDED_AVAILABILITY = YES_AGGRESSIVE;
				CLANG_WARN_UNREACHABLE_CODE = YES;
				CLANG_WARN__DUPLICATE_METHOD_MATCH = YES;
				COPY_PHASE_STRIP = NO;
				DEBUG_INFORMATION_FORMAT = "dwarf-with-dsym";
				ENABLE_NS_ASSERTIONS = NO;
				ENABLE_STRICT_OBJC_MSGSEND = YES;
				GCC_C_LANGUAGE_STANDARD = gnu11;
				GCC_NO_COMMON_BLOCKS = YES;
				GCC_WARN_64_TO_32_BIT_CONVERSION = YES;
				GCC_WARN_ABOUT_RETURN_TYPE = YES_ERROR;
				GCC_WARN_UNDECLARED_SELECTOR = YES;
				GCC_WARN_UNINITIALIZED_AUTOS = YES_AGGRESSIVE;
				GCC_WARN_UNUSED_FUNCTION = YES;
				GCC_WARN_UNUSED_VARIABLE = YES;
				IPHONEOS_DEPLOYMENT_TARGET = 13.2;
				MTL_ENABLE_DEBUG_INFO = NO;
				MTL_FAST_MATH = YES;
				SDKROOT = iphoneos;
				SWIFT_COMPILATION_MODE = wholemodule;
				SWIFT_OPTIMIZATION_LEVEL = "-O";
				VALIDATE_PRODUCT = YES;
			};
			name = Release;
		};
		231AF489248E5091003D9F74 /* Debug */ = {
			isa = XCBuildConfiguration;
			buildSettings = {
				ASSETCATALOG_COMPILER_APPICON_NAME = AppIcon;
				CODE_SIGN_STYLE = Automatic;
				DEVELOPMENT_ASSET_PATHS = "\"Memorize/Preview Content\"";
				ENABLE_PREVIEWS = YES;
				INFOPLIST_FILE = Memorize/Info.plist;
				LD_RUNPATH_SEARCH_PATHS = (
					"$(inherited)",
					"@executable_path/Frameworks",
				);
				PRODUCT_BUNDLE_IDENTIFIER = de.treinat.learning.cs193.Memorize;
				PRODUCT_NAME = "$(TARGET_NAME)";
				SWIFT_VERSION = 5.0;
				TARGETED_DEVICE_FAMILY = "1,2";
			};
			name = Debug;
		};
		231AF48A248E5091003D9F74 /* Release */ = {
			isa = XCBuildConfiguration;
			buildSettings = {
				ASSETCATALOG_COMPILER_APPICON_NAME = AppIcon;
				CODE_SIGN_STYLE = Automatic;
				DEVELOPMENT_ASSET_PATHS = "\"Memorize/Preview Content\"";
				ENABLE_PREVIEWS = YES;
				INFOPLIST_FILE = Memorize/Info.plist;
				LD_RUNPATH_SEARCH_PATHS = (
					"$(inherited)",
					"@executable_path/Frameworks",
				);
				PRODUCT_BUNDLE_IDENTIFIER = de.treinat.learning.cs193.Memorize;
				PRODUCT_NAME = "$(TARGET_NAME)";
				SWIFT_VERSION = 5.0;
				TARGETED_DEVICE_FAMILY = "1,2";
			};
			name = Release;
		};
/* End XCBuildConfiguration section */

/* Begin XCConfigurationList section */
		231AF46F248E5091003D9F74 /* Build configuration list for PBXProject "Memorize" */ = {
			isa = XCConfigurationList;
			buildConfigurations = (
				231AF486248E5091003D9F74 /* Debug */,
				231AF487248E5091003D9F74 /* Release */,
			);
			defaultConfigurationIsVisible = 0;
			defaultConfigurationName = Release;
		};
		231AF488248E5091003D9F74 /* Build configuration list for PBXNativeTarget "Memorize" */ = {
			isa = XCConfigurationList;
			buildConfigurations = (
				231AF489248E5091003D9F74 /* Debug */,
				231AF48A248E5091003D9F74 /* Release */,
			);
			defaultConfigurationIsVisible = 0;
			defaultConfigurationName = Release;
		};
/* End XCConfigurationList section */
	};
	rootObject = 231AF46C248E5091003D9F74 /* Project object */;
}
